
Microsoft Visual Studio Solution File, Format Version 12.00
# Visual Studio Version 17
VisualStudioVersion = 17.1.32210.238
MinimumVisualStudioVersion = 10.0.40219.1
Project("{FAE04EC0-301F-11D3-BF4B-00C04F79EFBC}") = "Sample.Analytics.API", "Sample.Analytics.API\Sample.Analytics.API.csproj", "{D6387E4A-A334-4F78-AE91-FDD8BF57321D}"
EndProject
Global
	GlobalSection(SolutionConfigurationPlatforms) = preSolution
		Debug|Any CPU = Debug|Any CPU
		Release|Any CPU = Release|Any CPU
	EndGlobalSection
	GlobalSection(ProjectConfigurationPlatforms) = postSolution
		{D6387E4A-A334-4F78-AE91-FDD8BF57321D}.Debug|Any CPU.ActiveCfg = Debug|Any CPU
		{D6387E4A-A334-4F78-AE91-FDD8BF57321D}.Debug|Any CPU.Build.0 = Debug|Any CPU
		{D6387E4A-A334-4F78-AE91-FDD8BF57321D}.Release|Any CPU.ActiveCfg = Release|Any CPU
		{D6387E4A-A334-4F78-AE91-FDD8BF57321D}.Release|Any CPU.Build.0 = Release|Any CPU
	EndGlobalSection
	GlobalSection(SolutionProperties) = preSolution
		HideSolutionNode = FALSE
	EndGlobalSection
	GlobalSection(ExtensibilityGlobals) = postSolution
		SolutionGuid = {14D5BA39-15E2-4CB6-9771-E9C9474A9118}
	EndGlobalSection
EndGlobal
